
Microsoft Visual Studio Solution File, Format Version 12.00
# Visual Studio Version 16
VisualStudioVersion = 16.0.31105.61
MinimumVisualStudioVersion = 10.0.40219.1
Project("{FAE04EC0-301F-11D3-BF4B-00C04F79EFBC}") = "ShopDienThoai", "ShopDienThoai\ShopDienThoai.csproj", "{DE457C27-F24F-4E77-AF69-720DE9FA831E}"
EndProject
Global
	GlobalSection(SolutionConfigurationPlatforms) = preSolution
		Debug|Any CPU = Debug|Any CPU
		Release|Any CPU = Release|Any CPU
	EndGlobalSection
	GlobalSection(ProjectConfigurationPlatforms) = postSolution
		{DE457C27-F24F-4E77-AF69-720DE9FA831E}.Debug|Any CPU.ActiveCfg = Debug|Any CPU
		{DE457C27-F24F-4E77-AF69-720DE9FA831E}.Debug|Any CPU.Build.0 = Debug|Any CPU
		{DE457C27-F24F-4E77-AF69-720DE9FA831E}.Release|Any CPU.ActiveCfg = Release|Any CPU
		{DE457C27-F24F-4E77-AF69-720DE9FA831E}.Release|Any CPU.Build.0 = Release|Any CPU
	EndGlobalSection
	GlobalSection(SolutionProperties) = preSolution
		HideSolutionNode = FALSE
	EndGlobalSection
	GlobalSection(ExtensibilityGlobals) = postSolution
		SolutionGuid = {1EF6D8F8-A13F-48CA-8B5A-47431137C319}
	EndGlobalSection
EndGlobal
